
Microsoft Visual Studio Solution File, Format Version 12.00
# Visual Studio Version 17
VisualStudioVersion = 17.8.34330.188
MinimumVisualStudioVersion = 10.0.40219.1
Project("{FAE04EC0-301F-11D3-BF4B-00C04F79EFBC}") = "Week5_Sonal_Gawale", "Week5_Sonal_Gawale\Week5_Sonal_Gawale.csproj", "{FCD0A3F2-8565-462F-B545-2FEF05F7592F}"
EndProject
Global
	GlobalSection(SolutionConfigurationPlatforms) = preSolution
		Debug|Any CPU = Debug|Any CPU
		Release|Any CPU = Release|Any CPU
	EndGlobalSection
	GlobalSection(ProjectConfigurationPlatforms) = postSolution
		{FCD0A3F2-8565-462F-B545-2FEF05F7592F}.Debug|Any CPU.ActiveCfg = Debug|Any CPU
		{FCD0A3F2-8565-462F-B545-2FEF05F7592F}.Debug|Any CPU.Build.0 = Debug|Any CPU
		{FCD0A3F2-8565-462F-B545-2FEF05F7592F}.Release|Any CPU.ActiveCfg = Release|Any CPU
		{FCD0A3F2-8565-462F-B545-2FEF05F7592F}.Release|Any CPU.Build.0 = Release|Any CPU
	EndGlobalSection
	GlobalSection(SolutionProperties) = preSolution
		HideSolutionNode = FALSE
	EndGlobalSection
	GlobalSection(ExtensibilityGlobals) = postSolution
		SolutionGuid = {2E5C4B8E-ABA1-4686-9C46-2C20EBC06D36}
	EndGlobalSection
EndGlobal
